
Microsoft Visual Studio Solution File, Format Version 12.00
# Visual Studio 15
VisualStudioVersion = 15.0.26403.3
MinimumVisualStudioVersion = 10.0.40219.1
Project("{FAE04EC0-301F-11D3-BF4B-00C04F79EFBC}") = "IntelligentMission.Web", "IntelligentMission.Web\IntelligentMission.Web.csproj", "{7B4F628C-862C-4729-BDCC-423D86C0A778}"
EndProject
Project("{2150E333-8FDC-42A3-9474-1A3956D46DE8}") = "Solution Items", "Solution Items", "{12A15DDA-A01C-4449-8669-08B661BFB5F4}"
	ProjectSection(SolutionItems) = preProject
		.gitignore = .gitignore
		README.md = README.md
	EndProjectSection
EndProject
Global
	GlobalSection(SolutionConfigurationPlatforms) = preSolution
		Debug|Any CPU = Debug|Any CPU
		Release|Any CPU = Release|Any CPU
	EndGlobalSection
	GlobalSection(ProjectConfigurationPlatforms) = postSolution
		{7B4F628C-862C-4729-BDCC-423D86C0A778}.Debug|Any CPU.ActiveCfg = Debug|Any CPU
		{7B4F628C-862C-4729-BDCC-423D86C0A778}.Debug|Any CPU.Build.0 = Debug|Any CPU
		{7B4F628C-862C-4729-BDCC-423D86C0A778}.Release|Any CPU.ActiveCfg = Release|Any CPU
		{7B4F628C-862C-4729-BDCC-423D86C0A778}.Release|Any CPU.Build.0 = Release|Any CPU
	EndGlobalSection
	GlobalSection(SolutionProperties) = preSolution
		HideSolutionNode = FALSE
	EndGlobalSection
EndGlobal
